
Microsoft Visual Studio Solution File, Format Version 12.00
# Visual Studio 2012
Project("{FAE04EC0-301F-11D3-BF4B-00C04F79EFBC}") = "SecretSantaRandomizer", "SecretSantaRandomizer\SecretSantaRandomizer.csproj", "{17647789-5269-4B4C-AA20-CD17E39BFDE3}"
EndProject
Project("{FAE04EC0-301F-11D3-BF4B-00C04F79EFBC}") = "SecretSantaRandomizer_Tests", "SecretSantaRandomizer_Tests\SecretSantaRandomizer_Tests.csproj", "{D24E19C1-1148-4402-821D-DD9141F453F9}"
EndProject
Global
	GlobalSection(SolutionConfigurationPlatforms) = preSolution
		Debug|Any CPU = Debug|Any CPU
		Debug|Mixed Platforms = Debug|Mixed Platforms
		Debug|x86 = Debug|x86
		Release|Any CPU = Release|Any CPU
		Release|Mixed Platforms = Release|Mixed Platforms
		Release|x86 = Release|x86
	EndGlobalSection
	GlobalSection(ProjectConfigurationPlatforms) = postSolution
		{17647789-5269-4B4C-AA20-CD17E39BFDE3}.Debug|Any CPU.ActiveCfg = Debug|x86
		{17647789-5269-4B4C-AA20-CD17E39BFDE3}.Debug|Mixed Platforms.ActiveCfg = Debug|x86
		{17647789-5269-4B4C-AA20-CD17E39BFDE3}.Debug|Mixed Platforms.Build.0 = Debug|x86
		{17647789-5269-4B4C-AA20-CD17E39BFDE3}.Debug|x86.ActiveCfg = Debug|x86
		{17647789-5269-4B4C-AA20-CD17E39BFDE3}.Debug|x86.Build.0 = Debug|x86
		{17647789-5269-4B4C-AA20-CD17E39BFDE3}.Release|Any CPU.ActiveCfg = Release|x86
		{17647789-5269-4B4C-AA20-CD17E39BFDE3}.Release|Mixed Platforms.ActiveCfg = Release|x86
		{17647789-5269-4B4C-AA20-CD17E39BFDE3}.Release|Mixed Platforms.Build.0 = Release|x86
		{17647789-5269-4B4C-AA20-CD17E39BFDE3}.Release|x86.ActiveCfg = Release|x86
		{17647789-5269-4B4C-AA20-CD17E39BFDE3}.Release|x86.Build.0 = Release|x86
		{D24E19C1-1148-4402-821D-DD9141F453F9}.Debug|Any CPU.ActiveCfg = Debug|Any CPU
		{D24E19C1-1148-4402-821D-DD9141F453F9}.Debug|Any CPU.Build.0 = Debug|Any CPU
		{D24E19C1-1148-4402-821D-DD9141F453F9}.Debug|Mixed Platforms.ActiveCfg = Debug|Any CPU
		{D24E19C1-1148-4402-821D-DD9141F453F9}.Debug|Mixed Platforms.Build.0 = Debug|Any CPU
		{D24E19C1-1148-4402-821D-DD9141F453F9}.Debug|x86.ActiveCfg = Debug|Any CPU
		{D24E19C1-1148-4402-821D-DD9141F453F9}.Release|Any CPU.ActiveCfg = Release|Any CPU
		{D24E19C1-1148-4402-821D-DD9141F453F9}.Release|Any CPU.Build.0 = Release|Any CPU
		{D24E19C1-1148-4402-821D-DD9141F453F9}.Release|Mixed Platforms.ActiveCfg = Release|Any CPU
		{D24E19C1-1148-4402-821D-DD9141F453F9}.Release|Mixed Platforms.Build.0 = Release|Any CPU
		{D24E19C1-1148-4402-821D-DD9141F453F9}.Release|x86.ActiveCfg = Release|Any CPU
	EndGlobalSection
	GlobalSection(SolutionProperties) = preSolution
		HideSolutionNode = FALSE
	EndGlobalSection
EndGlobal
